
Microsoft Visual Studio Solution File, Format Version 11.00
# Visual Studio 2010
Project("{FAE04EC0-301F-11D3-BF4B-00C04F79EFBC}") = "Marginalia", "Assembly-CSharp.csproj", "{7DA4E4F9-C14D-F0CB-E69D-E7246AF153E6}"
EndProject
Project("{FAE04EC0-301F-11D3-BF4B-00C04F79EFBC}") = "Marginalia", "Assembly-CSharp-Editor.csproj", "{C1A36607-59FC-A48D-2EAF-F3701BF8E5CF}"
EndProject
Global
	GlobalSection(SolutionConfigurationPlatforms) = preSolution
		Debug|Any CPU = Debug|Any CPU
		Release|Any CPU = Release|Any CPU
	EndGlobalSection
	GlobalSection(ProjectConfigurationPlatforms) = postSolution
		{7DA4E4F9-C14D-F0CB-E69D-E7246AF153E6}.Debug|Any CPU.ActiveCfg = Debug|Any CPU
		{7DA4E4F9-C14D-F0CB-E69D-E7246AF153E6}.Debug|Any CPU.Build.0 = Debug|Any CPU
		{7DA4E4F9-C14D-F0CB-E69D-E7246AF153E6}.Release|Any CPU.ActiveCfg = Release|Any CPU
		{7DA4E4F9-C14D-F0CB-E69D-E7246AF153E6}.Release|Any CPU.Build.0 = Release|Any CPU
		{C1A36607-59FC-A48D-2EAF-F3701BF8E5CF}.Debug|Any CPU.ActiveCfg = Debug|Any CPU
		{C1A36607-59FC-A48D-2EAF-F3701BF8E5CF}.Debug|Any CPU.Build.0 = Debug|Any CPU
		{C1A36607-59FC-A48D-2EAF-F3701BF8E5CF}.Release|Any CPU.ActiveCfg = Release|Any CPU
		{C1A36607-59FC-A48D-2EAF-F3701BF8E5CF}.Release|Any CPU.Build.0 = Release|Any CPU
	EndGlobalSection
	GlobalSection(SolutionProperties) = preSolution
		HideSolutionNode = FALSE
	EndGlobalSection
	GlobalSection(MonoDevelopProperties) = preSolution
		StartupItem = Assembly-CSharp.csproj
	EndGlobalSection
EndGlobal
